
Microsoft Visual Studio Solution File, Format Version 12.00
# Visual Studio Version 17
VisualStudioVersion = 17.2.32505.173
MinimumVisualStudioVersion = 10.0.40219.1
Project("{FAE04EC0-301F-11D3-BF4B-00C04F79EFBC}") = "zaharov 8pr", "zaharov 8pr.csproj", "{32F8BBB8-37F2-4A28-AFBE-8D369BB99DBA}"
EndProject
Global
	GlobalSection(SolutionConfigurationPlatforms) = preSolution
		Debug|Any CPU = Debug|Any CPU
		Release|Any CPU = Release|Any CPU
	EndGlobalSection
	GlobalSection(ProjectConfigurationPlatforms) = postSolution
		{32F8BBB8-37F2-4A28-AFBE-8D369BB99DBA}.Debug|Any CPU.ActiveCfg = Debug|Any CPU
		{32F8BBB8-37F2-4A28-AFBE-8D369BB99DBA}.Debug|Any CPU.Build.0 = Debug|Any CPU
		{32F8BBB8-37F2-4A28-AFBE-8D369BB99DBA}.Release|Any CPU.ActiveCfg = Release|Any CPU
		{32F8BBB8-37F2-4A28-AFBE-8D369BB99DBA}.Release|Any CPU.Build.0 = Release|Any CPU
	EndGlobalSection
	GlobalSection(SolutionProperties) = preSolution
		HideSolutionNode = FALSE
	EndGlobalSection
	GlobalSection(ExtensibilityGlobals) = postSolution
		SolutionGuid = {49246714-DBF6-404F-8DBE-2B646B2AF295}
	EndGlobalSection
EndGlobal
